
Microsoft Visual Studio Solution File, Format Version 12.00
# Visual Studio Version 16
VisualStudioVersion = 16.0.30523.141
MinimumVisualStudioVersion = 10.0.40219.1
Project("{FAE04EC0-301F-11D3-BF4B-00C04F79EFBC}") = "RestaurantRater", "RestaurantRater\RestaurantRater.csproj", "{444905A1-5BFE-44B9-A374-8CC771F8E252}"
EndProject
Global
	GlobalSection(SolutionConfigurationPlatforms) = preSolution
		Debug|Any CPU = Debug|Any CPU
		Release|Any CPU = Release|Any CPU
	EndGlobalSection
	GlobalSection(ProjectConfigurationPlatforms) = postSolution
		{444905A1-5BFE-44B9-A374-8CC771F8E252}.Debug|Any CPU.ActiveCfg = Debug|Any CPU
		{444905A1-5BFE-44B9-A374-8CC771F8E252}.Debug|Any CPU.Build.0 = Debug|Any CPU
		{444905A1-5BFE-44B9-A374-8CC771F8E252}.Release|Any CPU.ActiveCfg = Release|Any CPU
		{444905A1-5BFE-44B9-A374-8CC771F8E252}.Release|Any CPU.Build.0 = Release|Any CPU
	EndGlobalSection
	GlobalSection(SolutionProperties) = preSolution
		HideSolutionNode = FALSE
	EndGlobalSection
	GlobalSection(ExtensibilityGlobals) = postSolution
		SolutionGuid = {0D0CFA75-C489-49F5-AE0D-EAC44BEC53DB}
	EndGlobalSection
EndGlobal
